
Microsoft Visual Studio Solution File, Format Version 12.00
# Visual Studio 2013
VisualStudioVersion = 12.0.31101.0
MinimumVisualStudioVersion = 10.0.40219.1
Project("{FAE04EC0-301F-11D3-BF4B-00C04F79EFBC}") = "Timetracker.Mvc", "Timetracker\Timetracker.Mvc.csproj", "{AA49AF94-6A5D-4537-B630-968EC2E15CE6}"
EndProject
Project("{FAE04EC0-301F-11D3-BF4B-00C04F79EFBC}") = "Timetracker.Entities", "Timetracker.Entities\Timetracker.Entities.csproj", "{7236884F-ED79-4FBA-B33A-36FEFF0913CE}"
EndProject
Project("{FAE04EC0-301F-11D3-BF4B-00C04F79EFBC}") = "Timetracker.Data", "Timetracker.Data\Timetracker.Data.csproj", "{5F0CABCF-3B95-4751-9404-035184EED865}"
EndProject
Global
	GlobalSection(SolutionConfigurationPlatforms) = preSolution
		Debug|Any CPU = Debug|Any CPU
		Release|Any CPU = Release|Any CPU
	EndGlobalSection
	GlobalSection(ProjectConfigurationPlatforms) = postSolution
		{AA49AF94-6A5D-4537-B630-968EC2E15CE6}.Debug|Any CPU.ActiveCfg = Debug|Any CPU
		{AA49AF94-6A5D-4537-B630-968EC2E15CE6}.Debug|Any CPU.Build.0 = Debug|Any CPU
		{AA49AF94-6A5D-4537-B630-968EC2E15CE6}.Release|Any CPU.ActiveCfg = Release|Any CPU
		{AA49AF94-6A5D-4537-B630-968EC2E15CE6}.Release|Any CPU.Build.0 = Release|Any CPU
		{7236884F-ED79-4FBA-B33A-36FEFF0913CE}.Debug|Any CPU.ActiveCfg = Debug|Any CPU
		{7236884F-ED79-4FBA-B33A-36FEFF0913CE}.Debug|Any CPU.Build.0 = Debug|Any CPU
		{7236884F-ED79-4FBA-B33A-36FEFF0913CE}.Release|Any CPU.ActiveCfg = Release|Any CPU
		{7236884F-ED79-4FBA-B33A-36FEFF0913CE}.Release|Any CPU.Build.0 = Release|Any CPU
		{5F0CABCF-3B95-4751-9404-035184EED865}.Debug|Any CPU.ActiveCfg = Debug|Any CPU
		{5F0CABCF-3B95-4751-9404-035184EED865}.Debug|Any CPU.Build.0 = Debug|Any CPU
		{5F0CABCF-3B95-4751-9404-035184EED865}.Release|Any CPU.ActiveCfg = Release|Any CPU
		{5F0CABCF-3B95-4751-9404-035184EED865}.Release|Any CPU.Build.0 = Release|Any CPU
	EndGlobalSection
	GlobalSection(SolutionProperties) = preSolution
		HideSolutionNode = FALSE
	EndGlobalSection
EndGlobal
